<?xml version="1.0" encoding="UTF-8" standalone="yes" ?>
<CodeBlocks_project_file>
	<FileVersion major="1" minor="6" />
	<Project>
		<Option title="DemoSDL3" />
		<Option pch_mode="2" />
		<Option compiler="gcc" />
		<Build>
			<Target title="Debug">
				<Option output="bin/Debug/DemoSDL3" prefix_auto="1" extension_auto="1" />
				<Option object_output="obj/Debug/" />
				<Option type="1" />
				<Option compiler="gcc" />
				<Compiler>
					<Add option="-g" />
				</Compiler>
			</Target>
			<Target title="Release">
				<Option output="bin/Release/DemoSDL3" prefix_auto="1" extension_auto="1" />
				<Option object_output="obj/Release/" />
				<Option type="1" />
				<Option compiler="gcc" />
				<Compiler>
					<Add option="-O2" />
				</Compiler>
				<Linker>
					<Add option="-s" />
				</Linker>
			</Target>
		</Build>
		<Compiler>
			<Add option="-Wall" />
			<Add option="-fexceptions" />
		</Compiler>
		<Unit filename="Pathback.jpg" />
		<Unit filename="baby chicken.png" />
		<Unit filename="baby rabbit.png" />
		<Unit filename="baby snail.png" />
		<Unit filename="back sound.wav" />
		<Unit filename="background carrot cute.png" />
		<Unit filename="bye sound.wav" />
		<Unit filename="carrot.h" />
		<Unit filename="carrot.png" />
		<Unit filename="def.h" />
		<Unit filename="enemy.h" />
		<Unit filename="graphic.h" />
		<Unit filename="main.cpp" />
		<Unit filename="map_direction.h" />
		<Unit filename="mouse.h" />
		<Unit filename="mushroom.png" />
		<Unit filename="mushroom1.png" />
		<Unit filename="mushroom2.png" />
		<Unit filename="plus.png" />
		<Unit filename="road.h" />
		<Unit filename="startbutton.png" />
		<Unit filename="tower.h" />
		<Extensions>
			<lib_finder disable_auto="1" />
		</Extensions>
	</Project>
</CodeBlocks_project_file>
