<?xml version="1.0" encoding="UTF-8" standalone="yes" ?>
<CodeBlocks_project_file>
	<FileVersion major="1" minor="6" />
	<Project>
		<Option title="DemoSDL3" />
		<Option pch_mode="2" />
		<Option compiler="gcc" />
		<Build>
			<Target title="Debug">
				<Option output="bin/Debug/DemoSDL3" prefix_auto="1" extension_auto="1" />
				<Option object_output="obj/Debug/" />
				<Option type="1" />
				<Option compiler="gcc" />
				<Compiler>
					<Add option="-g" />
				</Compiler>
			</Target>
			<Target title="Release">
				<Option output="bin/Release/DemoSDL3" prefix_auto="1" extension_auto="1" />
				<Option object_output="obj/Release/" />
				<Option type="1" />
				<Option compiler="gcc" />
				<Compiler>
					<Add option="-O2" />
				</Compiler>
				<Linker>
					<Add option="-s" />
				</Linker>
			</Target>
		</Build>
		<Compiler>
			<Add option="-Wall" />
			<Add option="-fexceptions" />
		</Compiler>
		<Unit filename="../file/carrot.h" />
		<Unit filename="../file/def.h" />
		<Unit filename="../file/enemy.h" />
		<Unit filename="../file/graphic.h" />
		<Unit filename="../file/main.cpp" />
		<Unit filename="../file/map_direction.h" />
		<Unit filename="../file/mouse.h" />
		<Unit filename="../file/road.h" />
		<Unit filename="../file/tower.h" />
		<Unit filename="../image ca/Pathback.jpg" />
		<Unit filename="../image ca/baby.png" />
		<Unit filename="../image ca/baby1.png" />
		<Unit filename="../image ca/baby2.png" />
		<Unit filename="../image ca/baby3.png" />
		<Unit filename="../image ca/baby4.png" />
		<Unit filename="../image ca/baby5.png" />
		<Unit filename="../image ca/background carrot cute.png" />
		<Unit filename="../image ca/carrot.png" />
		<Unit filename="../image ca/mushroom.png" />
		<Unit filename="../image ca/mushroom1.png" />
		<Unit filename="../image ca/mushroom2.png" />
		<Unit filename="../image ca/plus.png" />
		<Unit filename="../image ca/startbutton.png" />
		<Unit filename="../image ca/victory_screen.png" />
		<Unit filename=".gitattributes" />
		<Unit filename=".gitignore" />
		<Unit filename="DemoSDL3.cbp" />
		<Unit filename="DemoSDL3.depend" />
		<Unit filename="DemoSDL3.layout" />
		<Unit filename="README.md" />
		<Unit filename="SDL2.dll" />
		<Unit filename="SDL2_image.dll" />
		<Extensions>
			<lib_finder disable_auto="1" />
		</Extensions>
	</Project>
</CodeBlocks_project_file>
